
Microsoft Visual Studio Solution File, Format Version 11.00
# Visual Studio 2010
# SharpDevelop 4.3
Project("{FAE04EC0-301F-11D3-BF4B-00C04F79EFBC}") = "Level Set Browser", "Level Set Browser\Level Set Browser.csproj", "{27992549-05E4-483F-88EF-251382D868AE}"
EndProject
Global
	GlobalSection(SolutionConfigurationPlatforms) = preSolution
		Debug|Any CPU = Debug|Any CPU
		Release|Any CPU = Release|Any CPU
	EndGlobalSection
	GlobalSection(ProjectConfigurationPlatforms) = postSolution
		{27992549-05E4-483F-88EF-251382D868AE}.Debug|Any CPU.Build.0 = Debug|Any CPU
		{27992549-05E4-483F-88EF-251382D868AE}.Debug|Any CPU.ActiveCfg = Debug|Any CPU
		{27992549-05E4-483F-88EF-251382D868AE}.Release|Any CPU.Build.0 = Release|Any CPU
		{27992549-05E4-483F-88EF-251382D868AE}.Release|Any CPU.ActiveCfg = Release|Any CPU
	EndGlobalSection
EndGlobal
